
Microsoft Visual Studio Solution File, Format Version 12.00
Project("{FAE04EC0-301F-11D3-BF4B-00C04F79EFBC}") = "FamilyBudget", "FamilyBudget\FamilyBudget.csproj", "{451C5F28-B7E8-4841-AE57-197C7FC2AF95}"
EndProject
Project("{2150E333-8FDC-42A3-9474-1A3956D46DE8}") = "Modules", "Modules", "{2FEABFD1-4273-4040-BC94-ED1F60D9EE39}"
EndProject
Project("{2150E333-8FDC-42A3-9474-1A3956D46DE8}") = "IdentityUser", "IdentityUser", "{29B77264-84DF-4B82-BC51-3735FFCC2249}"
EndProject
Project("{FAE04EC0-301F-11D3-BF4B-00C04F79EFBC}") = "IdentityUser.App", "Modules\IdentityUser\IdentityUser.App\IdentityUser.App.csproj", "{5005543D-F573-4F0F-8C8A-57DEB8844B03}"
EndProject
Project("{FAE04EC0-301F-11D3-BF4B-00C04F79EFBC}") = "IdentityUser.Domain", "Modules\IdentityUser\IdentityUser.Domain\IdentityUser.Domain.csproj", "{F4212DAD-EEEA-46D6-9D3A-AA705E47B5AC}"
EndProject
Project("{FAE04EC0-301F-11D3-BF4B-00C04F79EFBC}") = "IdentityUser.Infrastructure", "Modules\IdentityUser\IdentityUser.Infrastructure\IdentityUser.Infrastructure.csproj", "{10B65634-776C-407C-9DD2-8CE151CA58E0}"
EndProject
Project("{2150E333-8FDC-42A3-9474-1A3956D46DE8}") = "Shared", "Shared", "{A9FD7C67-BCDE-4916-8504-AFCC47F7E9E9}"
EndProject
Project("{FAE04EC0-301F-11D3-BF4B-00C04F79EFBC}") = "Shared.Core", "Shared\Shared.Core\Shared.Core.csproj", "{FDFB8757-3A8D-4E0A-8687-27EBA5E92DF7}"
EndProject
Project("{FAE04EC0-301F-11D3-BF4B-00C04F79EFBC}") = "Shared.Infrastructure", "Shared\Shared.Infrastructure\Shared.Infrastructure.csproj", "{5C537A53-6BF5-440B-AC1E-B973D7FDFC59}"
EndProject
Project("{FAE04EC0-301F-11D3-BF4B-00C04F79EFBC}") = "Shared.Migrations", "Shared\Shared.Migrations\Shared.Migrations.csproj", "{7458F6AD-F905-49E4-8BB8-044252EBA62B}"
EndProject
Global
	GlobalSection(SolutionConfigurationPlatforms) = preSolution
		Debug|Any CPU = Debug|Any CPU
		Release|Any CPU = Release|Any CPU
	EndGlobalSection
	GlobalSection(ProjectConfigurationPlatforms) = postSolution
		{451C5F28-B7E8-4841-AE57-197C7FC2AF95}.Debug|Any CPU.ActiveCfg = Debug|Any CPU
		{451C5F28-B7E8-4841-AE57-197C7FC2AF95}.Debug|Any CPU.Build.0 = Debug|Any CPU
		{451C5F28-B7E8-4841-AE57-197C7FC2AF95}.Release|Any CPU.ActiveCfg = Release|Any CPU
		{451C5F28-B7E8-4841-AE57-197C7FC2AF95}.Release|Any CPU.Build.0 = Release|Any CPU
		{5005543D-F573-4F0F-8C8A-57DEB8844B03}.Debug|Any CPU.ActiveCfg = Debug|Any CPU
		{5005543D-F573-4F0F-8C8A-57DEB8844B03}.Debug|Any CPU.Build.0 = Debug|Any CPU
		{5005543D-F573-4F0F-8C8A-57DEB8844B03}.Release|Any CPU.ActiveCfg = Release|Any CPU
		{5005543D-F573-4F0F-8C8A-57DEB8844B03}.Release|Any CPU.Build.0 = Release|Any CPU
		{F4212DAD-EEEA-46D6-9D3A-AA705E47B5AC}.Debug|Any CPU.ActiveCfg = Debug|Any CPU
		{F4212DAD-EEEA-46D6-9D3A-AA705E47B5AC}.Debug|Any CPU.Build.0 = Debug|Any CPU
		{F4212DAD-EEEA-46D6-9D3A-AA705E47B5AC}.Release|Any CPU.ActiveCfg = Release|Any CPU
		{F4212DAD-EEEA-46D6-9D3A-AA705E47B5AC}.Release|Any CPU.Build.0 = Release|Any CPU
		{10B65634-776C-407C-9DD2-8CE151CA58E0}.Debug|Any CPU.ActiveCfg = Debug|Any CPU
		{10B65634-776C-407C-9DD2-8CE151CA58E0}.Debug|Any CPU.Build.0 = Debug|Any CPU
		{10B65634-776C-407C-9DD2-8CE151CA58E0}.Release|Any CPU.ActiveCfg = Release|Any CPU
		{10B65634-776C-407C-9DD2-8CE151CA58E0}.Release|Any CPU.Build.0 = Release|Any CPU
		{FDFB8757-3A8D-4E0A-8687-27EBA5E92DF7}.Debug|Any CPU.ActiveCfg = Debug|Any CPU
		{FDFB8757-3A8D-4E0A-8687-27EBA5E92DF7}.Debug|Any CPU.Build.0 = Debug|Any CPU
		{FDFB8757-3A8D-4E0A-8687-27EBA5E92DF7}.Release|Any CPU.ActiveCfg = Release|Any CPU
		{FDFB8757-3A8D-4E0A-8687-27EBA5E92DF7}.Release|Any CPU.Build.0 = Release|Any CPU
		{5C537A53-6BF5-440B-AC1E-B973D7FDFC59}.Debug|Any CPU.ActiveCfg = Debug|Any CPU
		{5C537A53-6BF5-440B-AC1E-B973D7FDFC59}.Debug|Any CPU.Build.0 = Debug|Any CPU
		{5C537A53-6BF5-440B-AC1E-B973D7FDFC59}.Release|Any CPU.ActiveCfg = Release|Any CPU
		{5C537A53-6BF5-440B-AC1E-B973D7FDFC59}.Release|Any CPU.Build.0 = Release|Any CPU
		{7458F6AD-F905-49E4-8BB8-044252EBA62B}.Debug|Any CPU.ActiveCfg = Debug|Any CPU
		{7458F6AD-F905-49E4-8BB8-044252EBA62B}.Debug|Any CPU.Build.0 = Debug|Any CPU
		{7458F6AD-F905-49E4-8BB8-044252EBA62B}.Release|Any CPU.ActiveCfg = Release|Any CPU
		{7458F6AD-F905-49E4-8BB8-044252EBA62B}.Release|Any CPU.Build.0 = Release|Any CPU
	EndGlobalSection
	GlobalSection(NestedProjects) = preSolution
		{29B77264-84DF-4B82-BC51-3735FFCC2249} = {2FEABFD1-4273-4040-BC94-ED1F60D9EE39}
		{5005543D-F573-4F0F-8C8A-57DEB8844B03} = {29B77264-84DF-4B82-BC51-3735FFCC2249}
		{F4212DAD-EEEA-46D6-9D3A-AA705E47B5AC} = {29B77264-84DF-4B82-BC51-3735FFCC2249}
		{10B65634-776C-407C-9DD2-8CE151CA58E0} = {29B77264-84DF-4B82-BC51-3735FFCC2249}
		{FDFB8757-3A8D-4E0A-8687-27EBA5E92DF7} = {A9FD7C67-BCDE-4916-8504-AFCC47F7E9E9}
		{5C537A53-6BF5-440B-AC1E-B973D7FDFC59} = {A9FD7C67-BCDE-4916-8504-AFCC47F7E9E9}
		{7458F6AD-F905-49E4-8BB8-044252EBA62B} = {A9FD7C67-BCDE-4916-8504-AFCC47F7E9E9}
	EndGlobalSection
EndGlobal
