
Microsoft Visual Studio Solution File, Format Version 12.00
Project("{FAE04EC0-301F-11D3-BF4B-00C04F79EFBC}") = "FamilyBudget", "FamilyBudget\FamilyBudget.csproj", "{451C5F28-B7E8-4841-AE57-197C7FC2AF95}"
EndProject
Project("{2150E333-8FDC-42A3-9474-1A3956D46DE8}") = "Modules", "Modules", "{2FEABFD1-4273-4040-BC94-ED1F60D9EE39}"
EndProject
Project("{2150E333-8FDC-42A3-9474-1A3956D46DE8}") = "IdentityUser", "IdentityUser", "{29B77264-84DF-4B82-BC51-3735FFCC2249}"
EndProject
Project("{FAE04EC0-301F-11D3-BF4B-00C04F79EFBC}") = "IdentityUser.App", "Modules\IdentityUser\IdentityUser.App\IdentityUser.App.csproj", "{5005543D-F573-4F0F-8C8A-57DEB8844B03}"
EndProject
Project("{FAE04EC0-301F-11D3-BF4B-00C04F79EFBC}") = "IdentityUser.Domain", "Modules\IdentityUser\IdentityUser.Domain\IdentityUser.Domain.csproj", "{F4212DAD-EEEA-46D6-9D3A-AA705E47B5AC}"
EndProject
Project("{FAE04EC0-301F-11D3-BF4B-00C04F79EFBC}") = "IdentityUser.Infrastructure", "Modules\IdentityUser\IdentityUser.Infrastructure\IdentityUser.Infrastructure.csproj", "{10B65634-776C-407C-9DD2-8CE151CA58E0}"
EndProject
Project("{2150E333-8FDC-42A3-9474-1A3956D46DE8}") = "Shared", "Shared", "{A9FD7C67-BCDE-4916-8504-AFCC47F7E9E9}"
EndProject
Project("{FAE04EC0-301F-11D3-BF4B-00C04F79EFBC}") = "Shared.Core", "Shared\Shared.Core\Shared.Core.csproj", "{FDFB8757-3A8D-4E0A-8687-27EBA5E92DF7}"
EndProject
Project("{FAE04EC0-301F-11D3-BF4B-00C04F79EFBC}") = "Shared.Infrastructure", "Shared\Shared.Infrastructure\Shared.Infrastructure.csproj", "{5C537A53-6BF5-440B-AC1E-B973D7FDFC59}"
EndProject
Project("{FAE04EC0-301F-11D3-BF4B-00C04F79EFBC}") = "Shared.Migrations", "Shared\Shared.Migrations\Shared.Migrations.csproj", "{7458F6AD-F905-49E4-8BB8-044252EBA62B}"
EndProject
Project("{2150E333-8FDC-42A3-9474-1A3956D46DE8}") = "Expenses", "Expenses", "{3FFC7F65-CB39-4B19-93A2-742E053C65D5}"
EndProject
Project("{FAE04EC0-301F-11D3-BF4B-00C04F79EFBC}") = "Expenses.App", "Modules\Expenses\Expenses.App\Expenses.App.csproj", "{8A9EE7D5-3C2F-4BB3-8AEA-B80E856CFD5E}"
EndProject
Project("{FAE04EC0-301F-11D3-BF4B-00C04F79EFBC}") = "Expenses.Domain", "Modules\Expenses\Expenses.Domain\Expenses.Domain.csproj", "{ABD9937A-F1C1-49DE-A8C8-12F83087741C}"
EndProject
Project("{FAE04EC0-301F-11D3-BF4B-00C04F79EFBC}") = "Expenses.Infrastructure", "Modules\Expenses\Expenses.Infrastructure\Expenses.Infrastructure.csproj", "{85E5C8EF-1507-4907-896F-082990E04E30}"
EndProject
Project("{2150E333-8FDC-42A3-9474-1A3956D46DE8}") = "Budget", "Budget", "{658096AA-8A81-48F2-BCB8-27DAF08B3F6F}"
EndProject
Project("{FAE04EC0-301F-11D3-BF4B-00C04F79EFBC}") = "Budget.App", "Modules\Budget\Budget.App\Budget.App.csproj", "{A6A2CE20-DC5A-48CC-BEB1-0D7A1175C92C}"
EndProject
Project("{FAE04EC0-301F-11D3-BF4B-00C04F79EFBC}") = "Budget.Domain", "Modules\Budget\Budget.Domain\Budget.Domain.csproj", "{989450BA-282A-48EF-8AED-E945023E5458}"
EndProject
Project("{FAE04EC0-301F-11D3-BF4B-00C04F79EFBC}") = "Budget.Infrastructure", "Modules\Budget\Budget.Infrastructure\Budget.Infrastructure.csproj", "{D65E331E-C85A-4A08-85CA-E0AFECA73E87}"
EndProject
Global
	GlobalSection(SolutionConfigurationPlatforms) = preSolution
		Debug|Any CPU = Debug|Any CPU
		Release|Any CPU = Release|Any CPU
	EndGlobalSection
	GlobalSection(ProjectConfigurationPlatforms) = postSolution
		{451C5F28-B7E8-4841-AE57-197C7FC2AF95}.Debug|Any CPU.ActiveCfg = Debug|Any CPU
		{451C5F28-B7E8-4841-AE57-197C7FC2AF95}.Debug|Any CPU.Build.0 = Debug|Any CPU
		{451C5F28-B7E8-4841-AE57-197C7FC2AF95}.Release|Any CPU.ActiveCfg = Release|Any CPU
		{451C5F28-B7E8-4841-AE57-197C7FC2AF95}.Release|Any CPU.Build.0 = Release|Any CPU
		{5005543D-F573-4F0F-8C8A-57DEB8844B03}.Debug|Any CPU.ActiveCfg = Debug|Any CPU
		{5005543D-F573-4F0F-8C8A-57DEB8844B03}.Debug|Any CPU.Build.0 = Debug|Any CPU
		{5005543D-F573-4F0F-8C8A-57DEB8844B03}.Release|Any CPU.ActiveCfg = Release|Any CPU
		{5005543D-F573-4F0F-8C8A-57DEB8844B03}.Release|Any CPU.Build.0 = Release|Any CPU
		{F4212DAD-EEEA-46D6-9D3A-AA705E47B5AC}.Debug|Any CPU.ActiveCfg = Debug|Any CPU
		{F4212DAD-EEEA-46D6-9D3A-AA705E47B5AC}.Debug|Any CPU.Build.0 = Debug|Any CPU
		{F4212DAD-EEEA-46D6-9D3A-AA705E47B5AC}.Release|Any CPU.ActiveCfg = Release|Any CPU
		{F4212DAD-EEEA-46D6-9D3A-AA705E47B5AC}.Release|Any CPU.Build.0 = Release|Any CPU
		{10B65634-776C-407C-9DD2-8CE151CA58E0}.Debug|Any CPU.ActiveCfg = Debug|Any CPU
		{10B65634-776C-407C-9DD2-8CE151CA58E0}.Debug|Any CPU.Build.0 = Debug|Any CPU
		{10B65634-776C-407C-9DD2-8CE151CA58E0}.Release|Any CPU.ActiveCfg = Release|Any CPU
		{10B65634-776C-407C-9DD2-8CE151CA58E0}.Release|Any CPU.Build.0 = Release|Any CPU
		{FDFB8757-3A8D-4E0A-8687-27EBA5E92DF7}.Debug|Any CPU.ActiveCfg = Debug|Any CPU
		{FDFB8757-3A8D-4E0A-8687-27EBA5E92DF7}.Debug|Any CPU.Build.0 = Debug|Any CPU
		{FDFB8757-3A8D-4E0A-8687-27EBA5E92DF7}.Release|Any CPU.ActiveCfg = Release|Any CPU
		{FDFB8757-3A8D-4E0A-8687-27EBA5E92DF7}.Release|Any CPU.Build.0 = Release|Any CPU
		{5C537A53-6BF5-440B-AC1E-B973D7FDFC59}.Debug|Any CPU.ActiveCfg = Debug|Any CPU
		{5C537A53-6BF5-440B-AC1E-B973D7FDFC59}.Debug|Any CPU.Build.0 = Debug|Any CPU
		{5C537A53-6BF5-440B-AC1E-B973D7FDFC59}.Release|Any CPU.ActiveCfg = Release|Any CPU
		{5C537A53-6BF5-440B-AC1E-B973D7FDFC59}.Release|Any CPU.Build.0 = Release|Any CPU
		{7458F6AD-F905-49E4-8BB8-044252EBA62B}.Debug|Any CPU.ActiveCfg = Debug|Any CPU
		{7458F6AD-F905-49E4-8BB8-044252EBA62B}.Debug|Any CPU.Build.0 = Debug|Any CPU
		{7458F6AD-F905-49E4-8BB8-044252EBA62B}.Release|Any CPU.ActiveCfg = Release|Any CPU
		{7458F6AD-F905-49E4-8BB8-044252EBA62B}.Release|Any CPU.Build.0 = Release|Any CPU
		{8A9EE7D5-3C2F-4BB3-8AEA-B80E856CFD5E}.Debug|Any CPU.ActiveCfg = Debug|Any CPU
		{8A9EE7D5-3C2F-4BB3-8AEA-B80E856CFD5E}.Debug|Any CPU.Build.0 = Debug|Any CPU
		{8A9EE7D5-3C2F-4BB3-8AEA-B80E856CFD5E}.Release|Any CPU.ActiveCfg = Release|Any CPU
		{8A9EE7D5-3C2F-4BB3-8AEA-B80E856CFD5E}.Release|Any CPU.Build.0 = Release|Any CPU
		{ABD9937A-F1C1-49DE-A8C8-12F83087741C}.Debug|Any CPU.ActiveCfg = Debug|Any CPU
		{ABD9937A-F1C1-49DE-A8C8-12F83087741C}.Debug|Any CPU.Build.0 = Debug|Any CPU
		{ABD9937A-F1C1-49DE-A8C8-12F83087741C}.Release|Any CPU.ActiveCfg = Release|Any CPU
		{ABD9937A-F1C1-49DE-A8C8-12F83087741C}.Release|Any CPU.Build.0 = Release|Any CPU
		{85E5C8EF-1507-4907-896F-082990E04E30}.Debug|Any CPU.ActiveCfg = Debug|Any CPU
		{85E5C8EF-1507-4907-896F-082990E04E30}.Debug|Any CPU.Build.0 = Debug|Any CPU
		{85E5C8EF-1507-4907-896F-082990E04E30}.Release|Any CPU.ActiveCfg = Release|Any CPU
		{85E5C8EF-1507-4907-896F-082990E04E30}.Release|Any CPU.Build.0 = Release|Any CPU
		{A6A2CE20-DC5A-48CC-BEB1-0D7A1175C92C}.Debug|Any CPU.ActiveCfg = Debug|Any CPU
		{A6A2CE20-DC5A-48CC-BEB1-0D7A1175C92C}.Debug|Any CPU.Build.0 = Debug|Any CPU
		{A6A2CE20-DC5A-48CC-BEB1-0D7A1175C92C}.Release|Any CPU.ActiveCfg = Release|Any CPU
		{A6A2CE20-DC5A-48CC-BEB1-0D7A1175C92C}.Release|Any CPU.Build.0 = Release|Any CPU
		{989450BA-282A-48EF-8AED-E945023E5458}.Debug|Any CPU.ActiveCfg = Debug|Any CPU
		{989450BA-282A-48EF-8AED-E945023E5458}.Debug|Any CPU.Build.0 = Debug|Any CPU
		{989450BA-282A-48EF-8AED-E945023E5458}.Release|Any CPU.ActiveCfg = Release|Any CPU
		{989450BA-282A-48EF-8AED-E945023E5458}.Release|Any CPU.Build.0 = Release|Any CPU
		{D65E331E-C85A-4A08-85CA-E0AFECA73E87}.Debug|Any CPU.ActiveCfg = Debug|Any CPU
		{D65E331E-C85A-4A08-85CA-E0AFECA73E87}.Debug|Any CPU.Build.0 = Debug|Any CPU
		{D65E331E-C85A-4A08-85CA-E0AFECA73E87}.Release|Any CPU.ActiveCfg = Release|Any CPU
		{D65E331E-C85A-4A08-85CA-E0AFECA73E87}.Release|Any CPU.Build.0 = Release|Any CPU
	EndGlobalSection
	GlobalSection(NestedProjects) = preSolution
		{29B77264-84DF-4B82-BC51-3735FFCC2249} = {2FEABFD1-4273-4040-BC94-ED1F60D9EE39}
		{5005543D-F573-4F0F-8C8A-57DEB8844B03} = {29B77264-84DF-4B82-BC51-3735FFCC2249}
		{F4212DAD-EEEA-46D6-9D3A-AA705E47B5AC} = {29B77264-84DF-4B82-BC51-3735FFCC2249}
		{10B65634-776C-407C-9DD2-8CE151CA58E0} = {29B77264-84DF-4B82-BC51-3735FFCC2249}
		{FDFB8757-3A8D-4E0A-8687-27EBA5E92DF7} = {A9FD7C67-BCDE-4916-8504-AFCC47F7E9E9}
		{5C537A53-6BF5-440B-AC1E-B973D7FDFC59} = {A9FD7C67-BCDE-4916-8504-AFCC47F7E9E9}
		{7458F6AD-F905-49E4-8BB8-044252EBA62B} = {A9FD7C67-BCDE-4916-8504-AFCC47F7E9E9}
		{3FFC7F65-CB39-4B19-93A2-742E053C65D5} = {2FEABFD1-4273-4040-BC94-ED1F60D9EE39}
		{8A9EE7D5-3C2F-4BB3-8AEA-B80E856CFD5E} = {3FFC7F65-CB39-4B19-93A2-742E053C65D5}
		{ABD9937A-F1C1-49DE-A8C8-12F83087741C} = {3FFC7F65-CB39-4B19-93A2-742E053C65D5}
		{85E5C8EF-1507-4907-896F-082990E04E30} = {3FFC7F65-CB39-4B19-93A2-742E053C65D5}
		{658096AA-8A81-48F2-BCB8-27DAF08B3F6F} = {2FEABFD1-4273-4040-BC94-ED1F60D9EE39}
		{A6A2CE20-DC5A-48CC-BEB1-0D7A1175C92C} = {658096AA-8A81-48F2-BCB8-27DAF08B3F6F}
		{989450BA-282A-48EF-8AED-E945023E5458} = {658096AA-8A81-48F2-BCB8-27DAF08B3F6F}
		{D65E331E-C85A-4A08-85CA-E0AFECA73E87} = {658096AA-8A81-48F2-BCB8-27DAF08B3F6F}
	EndGlobalSection
EndGlobal
